
Microsoft Visual Studio Solution File, Format Version 12.00
# Visual Studio Version 16
VisualStudioVersion = 16.0.30413.136
MinimumVisualStudioVersion = 10.0.40219.1
Project("{2150E333-8FDC-42A3-9474-1A3956D46DE8}") = "Applicaiton", "Applicaiton", "{DD30171C-B967-40B6-BA82-599C1BC07343}"
EndProject
Project("{2150E333-8FDC-42A3-9474-1A3956D46DE8}") = "Domain", "Domain", "{3821F5A8-1F79-4D15-ACE2-B97233126B82}"
EndProject
Project("{2150E333-8FDC-42A3-9474-1A3956D46DE8}") = "Infra.IoC", "Infra.IoC", "{CDAB6643-B801-4CDC-AA83-935C400229F0}"
EndProject
Project("{2150E333-8FDC-42A3-9474-1A3956D46DE8}") = "Infra.Data", "Infra.Data", "{1FC915CE-65AD-4C87-AB49-BB3F65FEF51B}"
EndProject
Project("{2150E333-8FDC-42A3-9474-1A3956D46DE8}") = "Prensentation", "Prensentation", "{A783C8AD-9219-4321-9ABB-B12D2D37DEDD}"
EndProject
Project("{9A19103F-16F7-4668-BE54-9A1E7A4F7556}") = "CleanArch.Mvc", "CleanArch.Mvc\CleanArch.Mvc.csproj", "{3E309BFE-6265-48AB-BFDF-DFDD30644BBF}"
EndProject
Project("{9A19103F-16F7-4668-BE54-9A1E7A4F7556}") = "CleanArch.Domain", "CleanArch.Domain\CleanArch.Domain.csproj", "{16FE901C-2DA5-4111-92FB-76E32D17C506}"
EndProject
Project("{FAE04EC0-301F-11D3-BF4B-00C04F79EFBC}") = "CleanArch.Infra.Data", "CleanArch.Infra.Data\CleanArch.Infra.Data.csproj", "{AA1B254F-0F8D-4269-B70D-BE4C6B5D84C7}"
EndProject
Project("{FAE04EC0-301F-11D3-BF4B-00C04F79EFBC}") = "CleanArch.Application", "CleanArch.Application\CleanArch.Application.csproj", "{208CA811-9E71-4192-AFB8-EB14EB3EC4E7}"
EndProject
Global
	GlobalSection(SolutionConfigurationPlatforms) = preSolution
		Debug|Any CPU = Debug|Any CPU
		Release|Any CPU = Release|Any CPU
	EndGlobalSection
	GlobalSection(ProjectConfigurationPlatforms) = postSolution
		{3E309BFE-6265-48AB-BFDF-DFDD30644BBF}.Debug|Any CPU.ActiveCfg = Debug|Any CPU
		{3E309BFE-6265-48AB-BFDF-DFDD30644BBF}.Debug|Any CPU.Build.0 = Debug|Any CPU
		{3E309BFE-6265-48AB-BFDF-DFDD30644BBF}.Release|Any CPU.ActiveCfg = Release|Any CPU
		{3E309BFE-6265-48AB-BFDF-DFDD30644BBF}.Release|Any CPU.Build.0 = Release|Any CPU
		{16FE901C-2DA5-4111-92FB-76E32D17C506}.Debug|Any CPU.ActiveCfg = Debug|Any CPU
		{16FE901C-2DA5-4111-92FB-76E32D17C506}.Debug|Any CPU.Build.0 = Debug|Any CPU
		{16FE901C-2DA5-4111-92FB-76E32D17C506}.Release|Any CPU.ActiveCfg = Release|Any CPU
		{16FE901C-2DA5-4111-92FB-76E32D17C506}.Release|Any CPU.Build.0 = Release|Any CPU
		{AA1B254F-0F8D-4269-B70D-BE4C6B5D84C7}.Debug|Any CPU.ActiveCfg = Debug|Any CPU
		{AA1B254F-0F8D-4269-B70D-BE4C6B5D84C7}.Debug|Any CPU.Build.0 = Debug|Any CPU
		{AA1B254F-0F8D-4269-B70D-BE4C6B5D84C7}.Release|Any CPU.ActiveCfg = Release|Any CPU
		{AA1B254F-0F8D-4269-B70D-BE4C6B5D84C7}.Release|Any CPU.Build.0 = Release|Any CPU
		{208CA811-9E71-4192-AFB8-EB14EB3EC4E7}.Debug|Any CPU.ActiveCfg = Debug|Any CPU
		{208CA811-9E71-4192-AFB8-EB14EB3EC4E7}.Debug|Any CPU.Build.0 = Debug|Any CPU
		{208CA811-9E71-4192-AFB8-EB14EB3EC4E7}.Release|Any CPU.ActiveCfg = Release|Any CPU
		{208CA811-9E71-4192-AFB8-EB14EB3EC4E7}.Release|Any CPU.Build.0 = Release|Any CPU
	EndGlobalSection
	GlobalSection(SolutionProperties) = preSolution
		HideSolutionNode = FALSE
	EndGlobalSection
	GlobalSection(NestedProjects) = preSolution
		{3E309BFE-6265-48AB-BFDF-DFDD30644BBF} = {A783C8AD-9219-4321-9ABB-B12D2D37DEDD}
		{16FE901C-2DA5-4111-92FB-76E32D17C506} = {3821F5A8-1F79-4D15-ACE2-B97233126B82}
		{AA1B254F-0F8D-4269-B70D-BE4C6B5D84C7} = {1FC915CE-65AD-4C87-AB49-BB3F65FEF51B}
		{208CA811-9E71-4192-AFB8-EB14EB3EC4E7} = {DD30171C-B967-40B6-BA82-599C1BC07343}
	EndGlobalSection
	GlobalSection(ExtensibilityGlobals) = postSolution
		SolutionGuid = {BFA70FF3-66C4-4C03-AB53-B95C8E498691}
	EndGlobalSection
EndGlobal
